
Microsoft Visual Studio Solution File, Format Version 12.00
# Visual Studio 15
VisualStudioVersion = 15.0.27428.2037
MinimumVisualStudioVersion = 10.0.40219.1
Project("{FAE04EC0-301F-11D3-BF4B-00C04F79EFBC}") = "Nim", "Nim\Nim.csproj", "{35E18C57-DBDB-4D92-9EBC-BBD985D5C2BB}"
EndProject
Global
	GlobalSection(SolutionConfigurationPlatforms) = preSolution
		Debug|Any CPU = Debug|Any CPU
		Release|Any CPU = Release|Any CPU
	EndGlobalSection
	GlobalSection(ProjectConfigurationPlatforms) = postSolution
		{35E18C57-DBDB-4D92-9EBC-BBD985D5C2BB}.Debug|Any CPU.ActiveCfg = Debug|Any CPU
		{35E18C57-DBDB-4D92-9EBC-BBD985D5C2BB}.Debug|Any CPU.Build.0 = Debug|Any CPU
		{35E18C57-DBDB-4D92-9EBC-BBD985D5C2BB}.Release|Any CPU.ActiveCfg = Release|Any CPU
		{35E18C57-DBDB-4D92-9EBC-BBD985D5C2BB}.Release|Any CPU.Build.0 = Release|Any CPU
	EndGlobalSection
	GlobalSection(SolutionProperties) = preSolution
		HideSolutionNode = FALSE
	EndGlobalSection
	GlobalSection(ExtensibilityGlobals) = postSolution
		SolutionGuid = {B45B0A11-601F-4F52-AF0A-2FD2F16E1E38}
	EndGlobalSection
EndGlobal
